{
  "version": 4,
  "terraform_version": "1.13.1",
  "serial": 31,
  "lineage": "f142c06b-d3b2-cd01-9dbd-01d8cb42036e",
  "outputs": {
    "dns_records_created": {
      "value": {
        "_google-site-verification": "b5f78bc4aea3c0ea69b9257621b47f33",
        "api": "ea51fc19558cb5125f78b2c98b2d95a8",
        "tf-test": "3555104607753e01ba1349cbf0cd5e68",
        "www": "4fff8c6e9df9417cc4b0b5d2cd81de01"
      },
      "type": [
        "object",
        {
          "_google-site-verification": "string",
          "api": "string",
          "tf-test": "string",
          "www": "string"
        }
      ]
    }
  },
  "resources": [
    {
      "module": "module.cloudflare",
      "mode": "managed",
      "type": "cloudflare_record",
      "name": "dns",
      "provider": "provider[\"registry.terraform.io/cloudflare/cloudflare\"]",
      "instances": [
        {
          "index_key": "_google-site-verification",
          "schema_version": 3,
          "attributes": {
            "allow_overwrite": false,
            "comment": "",
            "content": "google-site-verification=abc123xyz",
            "created_on": "2025-11-07T06:54:35.954461Z",
            "data": [],
            "hostname": "_google-site-verification.abcdemo.com",
            "id": "b5f78bc4aea3c0ea69b9257621b47f33",
            "metadata": {},
            "modified_on": "2025-11-07T06:54:35.954461Z",
            "name": "_google-site-verification",
            "priority": null,
            "proxiable": false,
            "proxied": false,
            "tags": null,
            "timeouts": null,
            "ttl": 3600,
            "type": "TXT",
            "value": null,
            "zone_id": "c471e72395813c667710162faaa145cc"
          },
          "sensitive_attributes": [],
          "identity_schema_version": 0,
          "private": "eyJlMmJmYjczMC1lY2FhLTExZTYtOGY4OC0zNDM2M2JjN2M0YzAiOnsiY3JlYXRlIjozMDAwMDAwMDAwMCwidXBkYXRlIjozMDAwMDAwMDAwMH0sInNjaGVtYV92ZXJzaW9uIjoiMyJ9"
        },
        {
          "index_key": "api",
          "schema_version": 3,
          "attributes": {
            "allow_overwrite": false,
            "comment": "",
            "content": "abcdemo.com",
            "created_on": "2025-11-07T06:54:35.26533Z",
            "data": [],
            "hostname": "api.abcdemo.com",
            "id": "ea51fc19558cb5125f78b2c98b2d95a8",
            "metadata": {},
            "modified_on": "2025-11-07T06:54:35.26533Z",
            "name": "api",
            "priority": null,
            "proxiable": true,
            "proxied": false,
            "tags": null,
            "timeouts": null,
            "ttl": 1,
            "type": "CNAME",
            "value": null,
            "zone_id": "c471e72395813c667710162faaa145cc"
          },
          "sensitive_attributes": [],
          "identity_schema_version": 0,
          "private": "eyJlMmJmYjczMC1lY2FhLTExZTYtOGY4OC0zNDM2M2JjN2M0YzAiOnsiY3JlYXRlIjozMDAwMDAwMDAwMCwidXBkYXRlIjozMDAwMDAwMDAwMH0sInNjaGVtYV92ZXJzaW9uIjoiMyJ9"
        },
        {
          "index_key": "tf-test",
          "schema_version": 3,
          "attributes": {
            "allow_overwrite": false,
            "comment": "",
            "content": "8.8.8.8",
            "created_on": "2025-11-07T06:54:35.468095Z",
            "data": [],
            "hostname": "tf-test.abcdemo.com",
            "id": "3555104607753e01ba1349cbf0cd5e68",
            "metadata": {},
            "modified_on": "2025-11-07T06:54:35.468095Z",
            "name": "tf-test",
            "priority": null,
            "proxiable": true,
            "proxied": false,
            "tags": null,
            "timeouts": null,
            "ttl": 1,
            "type": "A",
            "value": null,
            "zone_id": "c471e72395813c667710162faaa145cc"
          },
          "sensitive_attributes": [],
          "identity_schema_version": 0,
          "private": "eyJlMmJmYjczMC1lY2FhLTExZTYtOGY4OC0zNDM2M2JjN2M0YzAiOnsiY3JlYXRlIjozMDAwMDAwMDAwMCwidXBkYXRlIjozMDAwMDAwMDAwMH0sInNjaGVtYV92ZXJzaW9uIjoiMyJ9"
        },
        {
          "index_key": "www",
          "schema_version": 3,
          "attributes": {
            "allow_overwrite": false,
            "comment": "",
            "content": "192.0.2.1",
            "created_on": "2025-11-07T06:54:35.170181Z",
            "data": [],
            "hostname": "www.abcdemo.com",
            "id": "4fff8c6e9df9417cc4b0b5d2cd81de01",
            "metadata": {},
            "modified_on": "2025-11-07T06:54:35.170181Z",
            "name": "www",
            "priority": null,
            "proxiable": true,
            "proxied": true,
            "tags": null,
            "timeouts": null,
            "ttl": 1,
            "type": "A",
            "value": null,
            "zone_id": "c471e72395813c667710162faaa145cc"
          },
          "sensitive_attributes": [],
          "identity_schema_version": 0,
          "private": "eyJlMmJmYjczMC1lY2FhLTExZTYtOGY4OC0zNDM2M2JjN2M0YzAiOnsiY3JlYXRlIjozMDAwMDAwMDAwMCwidXBkYXRlIjozMDAwMDAwMDAwMH0sInNjaGVtYV92ZXJzaW9uIjoiMyJ9"
        }
      ]
    }
  ],
  "check_results": null
}
